
Microsoft Visual Studio Solution File, Format Version 12.00
# Visual Studio Version 17
VisualStudioVersion = 17.7.34202.233
MinimumVisualStudioVersion = 10.0.40219.1
Project("{FAE04EC0-301F-11D3-BF4B-00C04F79EFBC}") = "PlatinumGym", "PlatinumGym.csproj", "{C0473401-66BD-4886-9B72-7F3FABA1DDCD}"
EndProject
Global
	GlobalSection(SolutionConfigurationPlatforms) = preSolution
		Debug|Any CPU = Debug|Any CPU
		Release|Any CPU = Release|Any CPU
	EndGlobalSection
	GlobalSection(ProjectConfigurationPlatforms) = postSolution
		{C0473401-66BD-4886-9B72-7F3FABA1DDCD}.Debug|Any CPU.ActiveCfg = Debug|Any CPU
		{C0473401-66BD-4886-9B72-7F3FABA1DDCD}.Debug|Any CPU.Build.0 = Debug|Any CPU
		{C0473401-66BD-4886-9B72-7F3FABA1DDCD}.Release|Any CPU.ActiveCfg = Release|Any CPU
		{C0473401-66BD-4886-9B72-7F3FABA1DDCD}.Release|Any CPU.Build.0 = Release|Any CPU
	EndGlobalSection
	GlobalSection(SolutionProperties) = preSolution
		HideSolutionNode = FALSE
	EndGlobalSection
	GlobalSection(ExtensibilityGlobals) = postSolution
		SolutionGuid = {F9964AE3-26ED-40F5-A1E7-32B4B5603F6C}
	EndGlobalSection
EndGlobal
